{
  "name": "www",
  "lockfileVersion": 3,
  "requires": true,
  "packages": {
    "vendor/symfony/ux-autocomplete/assets": {
      "name": "@symfony/ux-autocomplete",
      "version": "1.0.0",
      "extraneous": true,
      "license": "MIT",
      "devDependencies": {
        "@hotwired/stimulus": "^3.0.0",
        "tom-select": "^2.2.2",
        "vitest-fetch-mock": "^0.2.2"
      },
      "peerDependencies": {
        "@hotwired/stimulus": "^3.0.0",
        "tom-select": "^2.2.2"
      }
    },
    "vendor/symfony/ux-turbo/assets": {
      "name": "@symfony/ux-turbo",
      "version": "0.1.0",
      "extraneous": true,
      "license": "MIT",
      "devDependencies": {
        "@hotwired/stimulus": "^3.0.0",
        "@hotwired/turbo": "^7.1.0 || ^8.0"
      },
      "peerDependencies": {
        "@hotwired/stimulus": "^3.0.0",
        "@hotwired/turbo": "^7.1.1 || ^8.0"
      }
    }
  }
}
